
Microsoft Visual Studio Solution File, Format Version 12.00
# Visual Studio Version 17
VisualStudioVersion = 17.9.34728.123
MinimumVisualStudioVersion = 10.0.40219.1
Project("{FAE04EC0-301F-11D3-BF4B-00C04F79EFBC}") = "inter-university-api", "inter-university-api\inter-university-api.csproj", "{638DACDB-0AFB-463A-B3DA-B1F761C9A90E}"
EndProject
Global
	GlobalSection(SolutionConfigurationPlatforms) = preSolution
		Debug|Any CPU = Debug|Any CPU
		Release|Any CPU = Release|Any CPU
	EndGlobalSection
	GlobalSection(ProjectConfigurationPlatforms) = postSolution
		{638DACDB-0AFB-463A-B3DA-B1F761C9A90E}.Debug|Any CPU.ActiveCfg = Debug|Any CPU
		{638DACDB-0AFB-463A-B3DA-B1F761C9A90E}.Debug|Any CPU.Build.0 = Debug|Any CPU
		{638DACDB-0AFB-463A-B3DA-B1F761C9A90E}.Release|Any CPU.ActiveCfg = Release|Any CPU
		{638DACDB-0AFB-463A-B3DA-B1F761C9A90E}.Release|Any CPU.Build.0 = Release|Any CPU
	EndGlobalSection
	GlobalSection(SolutionProperties) = preSolution
		HideSolutionNode = FALSE
	EndGlobalSection
	GlobalSection(ExtensibilityGlobals) = postSolution
		SolutionGuid = {9F3AB893-F732-4936-B5FC-3F82E1AF7637}
	EndGlobalSection
EndGlobal
